// !$*UTF8*$!
{
	archiveVersion = 1;
	classes = {
	};
	objectVersion = 55;
	objects = {

/* Begin PBXBuildFile section */
		CEDA3B6C28375A7E0004EDED /* AppDelegate.swift in Sources */ = {isa = PBXBuildFile; fileRef = CEDA3B6B28375A7E0004EDED /* AppDelegate.swift */; };
		CEDA3B6E28375A7E0004EDED /* SceneDelegate.swift in Sources */ = {isa = PBXBuildFile; fileRef = CEDA3B6D28375A7E0004EDED /* SceneDelegate.swift */; };
		CEDA3B7028375A7E0004EDED /* ViewController.swift in Sources */ = {isa = PBXBuildFile; fileRef = CEDA3B6F28375A7E0004EDED /* ViewController.swift */; };
		CEDA3B7328375A7E0004EDED /* Main.storyboard in Resources */ = {isa = PBXBuildFile; fileRef = CEDA3B7128375A7E0004EDED /* Main.storyboard */; };
		CEDA3B7528375A810004EDED /* Assets.xcassets in Resources */ = {isa = PBXBuildFile; fileRef = CEDA3B7428375A810004EDED /* Assets.xcassets */; };
		CEDA3B7828375A810004EDED /* LaunchScreen.storyboard in Resources */ = {isa = PBXBuildFile; fileRef = CEDA3B7628375A810004EDED /* LaunchScreen.storyboard */; };
		E64231E1E78328A16CFE07BE /* Pods_GitTestApp.framework in Frameworks */ = {isa = PBXBuildFile; fileRef = 6BB482A202C229514DA7F263 /* Pods_GitTestApp.framework */; };
/* End PBXBuildFile section */

/* Begin PBXFileReference section */
		6BB482A202C229514DA7F263 /* Pods_GitTestApp.framework */ = {isa = PBXFileReference; explicitFileType = wrapper.framework; includeInIndex = 0; path = Pods_GitTestApp.framework; sourceTree = BUILT_PRODUCTS_DIR; };
		7A45FA57F6AF6B0A7E410E12 /* Pods-GitTestApp.debug.xcconfig */ = {isa = PBXFileReference; includeInIndex = 1; lastKnownFileType = text.xcconfig; name = "Pods-GitTestApp.debug.xcconfig"; path = "Target Support Files/Pods-GitTestApp/Pods-GitTestApp.debug.xcconfig"; sourceTree = "<group>"; };
		B74675A2C3C47034695C24AA /* Pods-GitTestApp.release.xcconfig */ = {isa = PBXFileReference; includeInIndex = 1; lastKnownFileType = text.xcconfig; name = "Pods-GitTestApp.release.xcconfig"; path = "Target Support Files/Pods-GitTestApp/Pods-GitTestApp.release.xcconfig"; sourceTree = "<group>"; };
		CEDA3B6828375A7E0004EDED /* GitTestApp.app */ = {isa = PBXFileReference; explicitFileType = wrapper.application; includeInIndex = 0; path = GitTestApp.app; sourceTree = BUILT_PRODUCTS_DIR; };
		CEDA3B6B28375A7E0004EDED /* AppDelegate.swift */ = {isa = PBXFileReference; lastKnownFileType = sourcecode.swift; path = AppDelegate.swift; sourceTree = "<group>"; };
		CEDA3B6D28375A7E0004EDED /* SceneDelegate.swift */ = {isa = PBXFileReference; lastKnownFileType = sourcecode.swift; path = SceneDelegate.swift; sourceTree = "<group>"; };
		CEDA3B6F28375A7E0004EDED /* ViewController.swift */ = {isa = PBXFileReference; lastKnownFileType = sourcecode.swift; path = ViewController.swift; sourceTree = "<group>"; };
		CEDA3B7228375A7E0004EDED /* Base */ = {isa = PBXFileReference; lastKnownFileType = file.storyboard; name = Base; path = Base.lproj/Main.storyboard; sourceTree = "<group>"; };
		CEDA3B7428375A810004EDED /* Assets.xcassets */ = {isa = PBXFileReference; lastKnownFileType = folder.assetcatalog; path = Assets.xcassets; sourceTree = "<group>"; };
		CEDA3B7728375A810004EDED /* Base */ = {isa = PBXFileReference; lastKnownFileType = file.storyboard; name = Base; path = Base.lproj/LaunchScreen.storyboard; sourceTree = "<group>"; };
		CEDA3B7928375A810004EDED /* Info.plist */ = {isa = PBXFileReference; lastKnownFileType = text.plist.xml; path = Info.plist; sourceTree = "<group>"; };
/* End PBXFileReference section */

/* Begin PBXFrameworksBuildPhase section */
		CEDA3B6528375A7E0004EDED /* Frameworks */ = {
			isa = PBXFrameworksBuildPhase;
			buildActionMask = 2147483647;
			files = (
				E64231E1E78328A16CFE07BE /* Pods_GitTestApp.framework in Frameworks */,
			);
			runOnlyForDeploymentPostprocessing = 0;
		};
/* End PBXFrameworksBuildPhase section */

/* Begin PBXGroup section */
		0CCBD5FD096FBF4C1DC21A6D /* Pods */ = {
			isa = PBXGroup;
			children = (
				7A45FA57F6AF6B0A7E410E12 /* Pods-GitTestApp.debug.xcconfig */,
				B74675A2C3C47034695C24AA /* Pods-GitTestApp.release.xcconfig */,
			);
			name = Pods;
			path = Pods;
			sourceTree = "<group>";
		};
		CEDA3B5F28375A7E0004EDED = {
			isa = PBXGroup;
			children = (
				CEDA3B6A28375A7E0004EDED /* GitTestApp */,
				CEDA3B6928375A7E0004EDED /* Products */,
				0CCBD5FD096FBF4C1DC21A6D /* Pods */,
				F0ED409D661EA424F110D414 /* Frameworks */,
			);
			sourceTree = "<group>";
		};
		CEDA3B6928375A7E0004EDED /* Products */ = {
			isa = PBXGroup;
			children = (
				CEDA3B6828375A7E0004EDED /* GitTestApp.app */,
			);
			name = Products;
			sourceTree = "<group>";
		};
		CEDA3B6A28375A7E0004EDED /* GitTestApp */ = {
			isa = PBXGroup;
			children = (
				CEDA3B6B28375A7E0004EDED /* AppDelegate.swift */,
				CEDA3B6D28375A7E0004EDED /* SceneDelegate.swift */,
				CEDA3B6F28375A7E0004EDED /* ViewController.swift */,
				CEDA3B7128375A7E0004EDED /* Main.storyboard */,
				CEDA3B7428375A810004EDED /* Assets.xcassets */,
				CEDA3B7628375A810004EDED /* LaunchScreen.storyboard */,
				CEDA3B7928375A810004EDED /* Info.plist */,
			);
			path = GitTestApp;
			sourceTree = "<group>";
		};
		F0ED409D661EA424F110D414 /* Frameworks */ = {
			isa = PBXGroup;
			children = (
				6BB482A202C229514DA7F263 /* Pods_GitTestApp.framework */,
			);
			name = Frameworks;
			sourceTree = "<group>";
		};
/* End PBXGroup section */

/* Begin PBXNativeTarget section */
		CEDA3B6728375A7E0004EDED /* GitTestApp */ = {
			isa = PBXNativeTarget;
			buildConfigurationList = CEDA3B7C28375A810004EDED /* Build configuration list for PBXNativeTarget "GitTestApp" */;
			buildPhases = (
				5CFCFF13ECE7479F1AE61AAD /* [CP] Check Pods Manifest.lock */,
				CEDA3B6428375A7E0004EDED /* Sources */,
				CEDA3B6528375A7E0004EDED /* Frameworks */,
				CEDA3B6628375A7E0004EDED /* Resources */,
				0CD2F723C08F5057938D928E /* [CP] Embed Pods Frameworks */,
			);
			buildRules = (
			);
			dependencies = (
			);
			name = GitTestApp;
			productName = GitTestApp;
			productReference = CEDA3B6828375A7E0004EDED /* GitTestApp.app */;
			productType = "com.apple.product-type.application";
		};
/* End PBXNativeTarget section */

/* Begin PBXProject section */
		CEDA3B6028375A7E0004EDED /* Project object */ = {
			isa = PBXProject;
			attributes = {
				BuildIndependentTargetsInParallel = 1;
				LastSwiftUpdateCheck = 1340;
				LastUpgradeCheck = 1340;
				TargetAttributes = {
					CEDA3B6728375A7E0004EDED = {
						CreatedOnToolsVersion = 13.4;
					};
				};
			};
			buildConfigurationList = CEDA3B6328375A7E0004EDED /* Build configuration list for PBXProject "GitTestApp" */;
			compatibilityVersion = "Xcode 13.0";
			developmentRegion = en;
			hasScannedForEncodings = 0;
			knownRegions = (
				en,
				Base,
			);
			mainGroup = CEDA3B5F28375A7E0004EDED;
			productRefGroup = CEDA3B6928375A7E0004EDED /* Products */;
			projectDirPath = "";
			projectRoot = "";
			targets = (
				CEDA3B6728375A7E0004EDED /* GitTestApp */,
			);
		};
/* End PBXProject section */

/* Begin PBXResourcesBuildPhase section */
		CEDA3B6628375A7E0004EDED /* Resources */ = {
			isa = PBXResourcesBuildPhase;
			buildActionMask = 2147483647;
			files = (
				CEDA3B7828375A810004EDED /* LaunchScreen.storyboard in Resources */,
				CEDA3B7528375A810004EDED /* Assets.xcassets in Resources */,
				CEDA3B7328375A7E0004EDED /* Main.storyboard in Resources */,
			);
			runOnlyForDeploymentPostprocessing = 0;
		};
/* End PBXResourcesBuildPhase section */

/* Begin PBXShellScriptBuildPhase section */
		0CD2F723C08F5057938D928E /* [CP] Embed Pods Frameworks */ = {
			isa = PBXShellScriptBuildPhase;
			buildActionMask = 2147483647;
			files = (
			);
			inputFileListPaths = (
				"${PODS_ROOT}/Target Support Files/Pods-GitTestApp/Pods-GitTestApp-frameworks-${CONFIGURATION}-input-files.xcfilelist",
			);
			name = "[CP] Embed Pods Frameworks";
			outputFileListPaths = (
				"${PODS_ROOT}/Target Support Files/Pods-GitTestApp/Pods-GitTestApp-frameworks-${CONFIGURATION}-output-files.xcfilelist",
			);
			runOnlyForDeploymentPostprocessing = 0;
			shellPath = /bin/sh;
			shellScript = "\"${PODS_ROOT}/Target Support Files/Pods-GitTestApp/Pods-GitTestApp-frameworks.sh\"\n";
			showEnvVarsInLog = 0;
		};
		5CFCFF13ECE7479F1AE61AAD /* [CP] Check Pods Manifest.lock */ = {
			isa = PBXShellScriptBuildPhase;
			buildActionMask = 2147483647;
			files = (
			);
			inputFileListPaths = (
			);
			inputPaths = (
				"${PODS_PODFILE_DIR_PATH}/Podfile.lock",
				"${PODS_ROOT}/Manifest.lock",
			);
			name = "[CP] Check Pods Manifest.lock";
			outputFileListPaths = (
			);
			outputPaths = (
				"$(DERIVED_FILE_DIR)/Pods-GitTestApp-checkManifestLockResult.txt",
			);
			runOnlyForDeploymentPostprocessing = 0;
			shellPath = /bin/sh;
			shellScript = "diff \"${PODS_PODFILE_DIR_PATH}/Podfile.lock\" \"${PODS_ROOT}/Manifest.lock\" > /dev/null\nif [ $? != 0 ] ; then\n    # print error to STDERR\n    echo \"error: The sandbox is not in sync with the Podfile.lock. Run 'pod install' or update your CocoaPods installation.\" >&2\n    exit 1\nfi\n# This output is used by Xcode 'outputs' to avoid re-running this script phase.\necho \"SUCCESS\" > \"${SCRIPT_OUTPUT_FILE_0}\"\n";
			showEnvVarsInLog = 0;
		};
/* End PBXShellScriptBuildPhase section */

/* Begin PBXSourcesBuildPhase section */
		CEDA3B6428375A7E0004EDED /* Sources */ = {
			isa = PBXSourcesBuildPhase;
			buildActionMask = 2147483647;
			files = (
				CEDA3B7028375A7E0004EDED /* ViewController.swift in Sources */,
				CEDA3B6C28375A7E0004EDED /* AppDelegate.swift in Sources */,
				CEDA3B6E28375A7E0004EDED /* SceneDelegate.swift in Sources */,
			);
			runOnlyForDeploymentPostprocessing = 0;
		};
/* End PBXSourcesBuildPhase section */

/* Begin PBXVariantGroup section */
		CEDA3B7128375A7E0004EDED /* Main.storyboard */ = {
			isa = PBXVariantGroup;
			children = (
				CEDA3B7228375A7E0004EDED /* Base */,
			);
			name = Main.storyboard;
			sourceTree = "<group>";
		};
		CEDA3B7628375A810004EDED /* LaunchScreen.storyboard */ = {
			isa = PBXVariantGroup;
			children = (
				CEDA3B7728375A810004EDED /* Base */,
			);
			name = LaunchScreen.storyboard;
			sourceTree = "<group>";
		};
/* End PBXVariantGroup section */

/* Begin XCBuildConfiguration section */
		CEDA3B7A28375A810004EDED /* Debug */ = {
			isa = XCBuildConfiguration;
			buildSettings = {
				ALWAYS_SEARCH_USER_PATHS = NO;
				CLANG_ANALYZER_NONNULL = YES;
				CLANG_ANALYZER_NUMBER_OBJECT_CONVERSION = YES_AGGRESSIVE;
				CLANG_CXX_LANGUAGE_STANDARD = "gnu++17";
				CLANG_ENABLE_MODULES = YES;
				CLANG_ENABLE_OBJC_ARC = YES;
				CLANG_ENABLE_OBJC_WEAK = YES;
				CLANG_WARN_BLOCK_CAPTURE_AUTORELEASING = YES;
				CLANG_WARN_BOOL_CONVERSION = YES;
				CLANG_WARN_COMMA = YES;
				CLANG_WARN_CONSTANT_CONVERSION = YES;
				CLANG_WARN_DEPRECATED_OBJC_IMPLEMENTATIONS = YES;
				CLANG_WARN_DIRECT_OBJC_ISA_USAGE = YES_ERROR;
				CLANG_WARN_DOCUMENTATION_COMMENTS = YES;
				CLANG_WARN_EMPTY_BODY = YES;
				CLANG_WARN_ENUM_CONVERSION = YES;
				CLANG_WARN_INFINITE_RECURSION = YES;
				CLANG_WARN_INT_CONVERSION = YES;
				CLANG_WARN_NON_LITERAL_NULL_CONVERSION = YES;
				CLANG_WARN_OBJC_IMPLICIT_RETAIN_SELF = YES;
				CLANG_WARN_OBJC_LITERAL_CONVERSION = YES;
				CLANG_WARN_OBJC_ROOT_CLASS = YES_ERROR;
				CLANG_WARN_QUOTED_INCLUDE_IN_FRAMEWORK_HEADER = YES;
				CLANG_WARN_RANGE_LOOP_ANALYSIS = YES;
				CLANG_WARN_STRICT_PROTOTYPES = YES;
				CLANG_WARN_SUSPICIOUS_MOVE = YES;
				CLANG_WARN_UNGUARDED_AVAILABILITY = YES_AGGRESSIVE;
				CLANG_WARN_UNREACHABLE_CODE = YES;
				CLANG_WARN__DUPLICATE_METHOD_MATCH = YES;
				COPY_PHASE_STRIP = NO;
				DEBUG_INFORMATION_FORMAT = dwarf;
				ENABLE_STRICT_OBJC_MSGSEND = YES;
				ENABLE_TESTABILITY = YES;
				GCC_C_LANGUAGE_STANDARD = gnu11;
				GCC_DYNAMIC_NO_PIC = NO;
				GCC_NO_COMMON_BLOCKS = YES;
				GCC_OPTIMIZATION_LEVEL = 0;
				GCC_PREPROCESSOR_DEFINITIONS = (
					"DEBUG=1",
					"$(inherited)",
				);
				GCC_WARN_64_TO_32_BIT_CONVERSION = YES;
				GCC_WARN_ABOUT_RETURN_TYPE = YES_ERROR;
				GCC_WARN_UNDECLARED_SELECTOR = YES;
				GCC_WARN_UNINITIALIZED_AUTOS = YES_AGGRESSIVE;
				GCC_WARN_UNUSED_FUNCTION = YES;
				GCC_WARN_UNUSED_VARIABLE = YES;
				IPHONEOS_DEPLOYMENT_TARGET = 15.5;
				MTL_ENABLE_DEBUG_INFO = INCLUDE_SOURCE;
				MTL_FAST_MATH = YES;
				ONLY_ACTIVE_ARCH = YES;
				SDKROOT = iphoneos;
				SWIFT_ACTIVE_COMPILATION_CONDITIONS = DEBUG;
				SWIFT_OPTIMIZATION_LEVEL = "-Onone";
			};
			name = Debug;
		};
		CEDA3B7B28375A810004EDED /* Release */ = {
			isa = XCBuildConfiguration;
			buildSettings = {
				ALWAYS_SEARCH_USER_PATHS = NO;
				CLANG_ANALYZER_NONNULL = YES;
				CLANG_ANALYZER_NUMBER_OBJECT_CONVERSION = YES_AGGRESSIVE;
				CLANG_CXX_LANGUAGE_STANDARD = "gnu++17";
				CLANG_ENABLE_MODULES = YES;
				CLANG_ENABLE_OBJC_ARC = YES;
				CLANG_ENABLE_OBJC_WEAK = YES;
				CLANG_WARN_BLOCK_CAPTURE_AUTORELEASING = YES;
				CLANG_WARN_BOOL_CONVERSION = YES;
				CLANG_WARN_COMMA = YES;
				CLANG_WARN_CONSTANT_CONVERSION = YES;
				CLANG_WARN_DEPRECATED_OBJC_IMPLEMENTATIONS = YES;
				CLANG_WARN_DIRECT_OBJC_ISA_USAGE = YES_ERROR;
				CLANG_WARN_DOCUMENTATION_COMMENTS = YES;
				CLANG_WARN_EMPTY_BODY = YES;
				CLANG_WARN_ENUM_CONVERSION = YES;
				CLANG_WARN_INFINITE_RECURSION = YES;
				CLANG_WARN_INT_CONVERSION = YES;
				CLANG_WARN_NON_LITERAL_NULL_CONVERSION = YES;
				CLANG_WARN_OBJC_IMPLICIT_RETAIN_SELF = YES;
				CLANG_WARN_OBJC_LITERAL_CONVERSION = YES;
				CLANG_WARN_OBJC_ROOT_CLASS = YES_ERROR;
				CLANG_WARN_QUOTED_INCLUDE_IN_FRAMEWORK_HEADER = YES;
				CLANG_WARN_RANGE_LOOP_ANALYSIS = YES;
				CLANG_WARN_STRICT_PROTOTYPES = YES;
				CLANG_WARN_SUSPICIOUS_MOVE = YES;
				CLANG_WARN_UNGUARDED_AVAILABILITY = YES_AGGRESSIVE;
				CLANG_WARN_UNREACHABLE_CODE = YES;
				CLANG_WARN__DUPLICATE_METHOD_MATCH = YES;
				COPY_PHASE_STRIP = NO;
				DEBUG_INFORMATION_FORMAT = "dwarf-with-dsym";
				ENABLE_NS_ASSERTIONS = NO;
				ENABLE_STRICT_OBJC_MSGSEND = YES;
				GCC_C_LANGUAGE_STANDARD = gnu11;
				GCC_NO_COMMON_BLOCKS = YES;
				GCC_WARN_64_TO_32_BIT_CONVERSION = YES;
				GCC_WARN_ABOUT_RETURN_TYPE = YES_ERROR;
				GCC_WARN_UNDECLARED_SELECTOR = YES;
				GCC_WARN_UNINITIALIZED_AUTOS = YES_AGGRESSIVE;
				GCC_WARN_UNUSED_FUNCTION = YES;
				GCC_WARN_UNUSED_VARIABLE = YES;
				IPHONEOS_DEPLOYMENT_TARGET = 15.5;
				MTL_ENABLE_DEBUG_INFO = NO;
				MTL_FAST_MATH = YES;
				SDKROOT = iphoneos;
				SWIFT_COMPILATION_MODE = wholemodule;
				SWIFT_OPTIMIZATION_LEVEL = "-O";
				VALIDATE_PRODUCT = YES;
			};
			name = Release;
		};
		CEDA3B7D28375A810004EDED /* Debug */ = {
			isa = XCBuildConfiguration;
			baseConfigurationReference = 7A45FA57F6AF6B0A7E410E12 /* Pods-GitTestApp.debug.xcconfig */;
			buildSettings = {
				ASSETCATALOG_COMPILER_APPICON_NAME = AppIcon;
				ASSETCATALOG_COMPILER_GLOBAL_ACCENT_COLOR_NAME = AccentColor;
				CODE_SIGN_STYLE = Automatic;
				CURRENT_PROJECT_VERSION = 1;
				DEVELOPMENT_TEAM = 77R3944333;
				GENERATE_INFOPLIST_FILE = YES;
				INFOPLIST_FILE = GitTestApp/Info.plist;
				INFOPLIST_KEY_UIApplicationSupportsIndirectInputEvents = YES;
				INFOPLIST_KEY_UILaunchStoryboardName = LaunchScreen;
				INFOPLIST_KEY_UIMainStoryboardFile = Main;
				INFOPLIST_KEY_UISupportedInterfaceOrientations_iPad = "UIInterfaceOrientationPortrait UIInterfaceOrientationPortraitUpsideDown UIInterfaceOrientationLandscapeLeft UIInterfaceOrientationLandscapeRight";
				INFOPLIST_KEY_UISupportedInterfaceOrientations_iPhone = "UIInterfaceOrientationPortrait UIInterfaceOrientationLandscapeLeft UIInterfaceOrientationLandscapeRight";
				LD_RUNPATH_SEARCH_PATHS = (
					"$(inherited)",
					"@executable_path/Frameworks",
				);
				MARKETING_VERSION = 1.0;
				PRODUCT_BUNDLE_IDENTIFIER = com.gittestapp.personal.GitTestApp;
				PRODUCT_NAME = "$(TARGET_NAME)";
				SWIFT_EMIT_LOC_STRINGS = YES;
				SWIFT_VERSION = 5.0;
				TARGETED_DEVICE_FAMILY = "1,2";
			};
			name = Debug;
		};
		CEDA3B7E28375A810004EDED /* Release */ = {
			isa = XCBuildConfiguration;
			baseConfigurationReference = B74675A2C3C47034695C24AA /* Pods-GitTestApp.release.xcconfig */;
			buildSettings = {
				ASSETCATALOG_COMPILER_APPICON_NAME = AppIcon;
				ASSETCATALOG_COMPILER_GLOBAL_ACCENT_COLOR_NAME = AccentColor;
				CODE_SIGN_STYLE = Automatic;
				CURRENT_PROJECT_VERSION = 1;
				DEVELOPMENT_TEAM = 77R3944333;
				GENERATE_INFOPLIST_FILE = YES;
				INFOPLIST_FILE = GitTestApp/Info.plist;
				INFOPLIST_KEY_UIApplicationSupportsIndirectInputEvents = YES;
				INFOPLIST_KEY_UILaunchStoryboardName = LaunchScreen;
				INFOPLIST_KEY_UIMainStoryboardFile = Main;
				INFOPLIST_KEY_UISupportedInterfaceOrientations_iPad = "UIInterfaceOrientationPortrait UIInterfaceOrientationPortraitUpsideDown UIInterfaceOrientationLandscapeLeft UIInterfaceOrientationLandscapeRight";
				INFOPLIST_KEY_UISupportedInterfaceOrientations_iPhone = "UIInterfaceOrientationPortrait UIInterfaceOrientationLandscapeLeft UIInterfaceOrientationLandscapeRight";
				LD_RUNPATH_SEARCH_PATHS = (
					"$(inherited)",
					"@executable_path/Frameworks",
				);
				MARKETING_VERSION = 1.0;
				PRODUCT_BUNDLE_IDENTIFIER = com.gittestapp.personal.GitTestApp;
				PRODUCT_NAME = "$(TARGET_NAME)";
				SWIFT_EMIT_LOC_STRINGS = YES;
				SWIFT_VERSION = 5.0;
				TARGETED_DEVICE_FAMILY = "1,2";
			};
			name = Release;
		};
/* End XCBuildConfiguration section */

/* Begin XCConfigurationList section */
		CEDA3B6328375A7E0004EDED /* Build configuration list for PBXProject "GitTestApp" */ = {
			isa = XCConfigurationList;
			buildConfigurations = (
				CEDA3B7A28375A810004EDED /* Debug */,
				CEDA3B7B28375A810004EDED /* Release */,
			);
			defaultConfigurationIsVisible = 0;
			defaultConfigurationName = Release;
		};
		CEDA3B7C28375A810004EDED /* Build configuration list for PBXNativeTarget "GitTestApp" */ = {
			isa = XCConfigurationList;
			buildConfigurations = (
				CEDA3B7D28375A810004EDED /* Debug */,
				CEDA3B7E28375A810004EDED /* Release */,
			);
			defaultConfigurationIsVisible = 0;
			defaultConfigurationName = Release;
		};
/* End XCConfigurationList section */
	};
	rootObject = CEDA3B6028375A7E0004EDED /* Project object */;
}
